
Microsoft Visual Studio Solution File, Format Version 11.00
# Visual Studio 2010
# SharpDevelop 5.1
Project("{FAE04EC0-301F-11D3-BF4B-00C04F79EFBC}") = "MibodegaOxxo", "MibodegaOxxo\MibodegaOxxo.csproj", "{FC2F00A8-285B-4241-A883-C125E82AF820}"
EndProject
Global
	GlobalSection(SolutionConfigurationPlatforms) = preSolution
		Debug|Any CPU = Debug|Any CPU
		Release|Any CPU = Release|Any CPU
	EndGlobalSection
	GlobalSection(ProjectConfigurationPlatforms) = postSolution
		{FC2F00A8-285B-4241-A883-C125E82AF820}.Debug|Any CPU.ActiveCfg = Debug|Any CPU
		{FC2F00A8-285B-4241-A883-C125E82AF820}.Debug|Any CPU.Build.0 = Debug|Any CPU
		{FC2F00A8-285B-4241-A883-C125E82AF820}.Release|Any CPU.ActiveCfg = Release|Any CPU
		{FC2F00A8-285B-4241-A883-C125E82AF820}.Release|Any CPU.Build.0 = Release|Any CPU
	EndGlobalSection
EndGlobal
